
Microsoft Visual Studio Solution File, Format Version 12.00
# Visual Studio Version 16
VisualStudioVersion = 16.0.32407.337
MinimumVisualStudioVersion = 10.0.40219.1
Project("{FAE04EC0-301F-11D3-BF4B-00C04F79EFBC}") = "Business", "Business\Business.csproj", "{DEE8B380-7DB5-4309-AB4A-C86033BF3F67}"
EndProject
Project("{FAE04EC0-301F-11D3-BF4B-00C04F79EFBC}") = "Core", "Core\Core.csproj", "{7F0E1A93-C759-45DB-B19E-2C9626EA2F90}"
EndProject
Project("{FAE04EC0-301F-11D3-BF4B-00C04F79EFBC}") = "ConsoleUI", "ConsoleUI\ConsoleUI.csproj", "{3DB5675C-948C-4CCC-87D2-15A1E69D37C8}"
EndProject
Project("{FAE04EC0-301F-11D3-BF4B-00C04F79EFBC}") = "DataAccess", "DataAccess\DataAccess.csproj", "{95DAB400-5EAB-4C1B-B032-4DB506D35131}"
EndProject
Project("{FAE04EC0-301F-11D3-BF4B-00C04F79EFBC}") = "Entities", "Entities\Entities.csproj", "{0C84B996-C123-4395-AAAA-17245375E47D}"
EndProject
Project("{FAE04EC0-301F-11D3-BF4B-00C04F79EFBC}") = "WebAPI", "WebAPI\WebAPI.csproj", "{63B97532-80C0-4366-96E4-D570327E2B4E}"
EndProject
Global
	GlobalSection(SolutionConfigurationPlatforms) = preSolution
		Debug|Any CPU = Debug|Any CPU
		Release|Any CPU = Release|Any CPU
	EndGlobalSection
	GlobalSection(ProjectConfigurationPlatforms) = postSolution
		{DEE8B380-7DB5-4309-AB4A-C86033BF3F67}.Debug|Any CPU.ActiveCfg = Debug|Any CPU
		{DEE8B380-7DB5-4309-AB4A-C86033BF3F67}.Debug|Any CPU.Build.0 = Debug|Any CPU
		{DEE8B380-7DB5-4309-AB4A-C86033BF3F67}.Release|Any CPU.ActiveCfg = Release|Any CPU
		{DEE8B380-7DB5-4309-AB4A-C86033BF3F67}.Release|Any CPU.Build.0 = Release|Any CPU
		{7F0E1A93-C759-45DB-B19E-2C9626EA2F90}.Debug|Any CPU.ActiveCfg = Debug|Any CPU
		{7F0E1A93-C759-45DB-B19E-2C9626EA2F90}.Debug|Any CPU.Build.0 = Debug|Any CPU
		{7F0E1A93-C759-45DB-B19E-2C9626EA2F90}.Release|Any CPU.ActiveCfg = Release|Any CPU
		{7F0E1A93-C759-45DB-B19E-2C9626EA2F90}.Release|Any CPU.Build.0 = Release|Any CPU
		{3DB5675C-948C-4CCC-87D2-15A1E69D37C8}.Debug|Any CPU.ActiveCfg = Debug|Any CPU
		{3DB5675C-948C-4CCC-87D2-15A1E69D37C8}.Debug|Any CPU.Build.0 = Debug|Any CPU
		{3DB5675C-948C-4CCC-87D2-15A1E69D37C8}.Release|Any CPU.ActiveCfg = Release|Any CPU
		{3DB5675C-948C-4CCC-87D2-15A1E69D37C8}.Release|Any CPU.Build.0 = Release|Any CPU
		{95DAB400-5EAB-4C1B-B032-4DB506D35131}.Debug|Any CPU.ActiveCfg = Debug|Any CPU
		{95DAB400-5EAB-4C1B-B032-4DB506D35131}.Debug|Any CPU.Build.0 = Debug|Any CPU
		{95DAB400-5EAB-4C1B-B032-4DB506D35131}.Release|Any CPU.ActiveCfg = Release|Any CPU
		{95DAB400-5EAB-4C1B-B032-4DB506D35131}.Release|Any CPU.Build.0 = Release|Any CPU
		{0C84B996-C123-4395-AAAA-17245375E47D}.Debug|Any CPU.ActiveCfg = Debug|Any CPU
		{0C84B996-C123-4395-AAAA-17245375E47D}.Debug|Any CPU.Build.0 = Debug|Any CPU
		{0C84B996-C123-4395-AAAA-17245375E47D}.Release|Any CPU.ActiveCfg = Release|Any CPU
		{0C84B996-C123-4395-AAAA-17245375E47D}.Release|Any CPU.Build.0 = Release|Any CPU
		{63B97532-80C0-4366-96E4-D570327E2B4E}.Debug|Any CPU.ActiveCfg = Debug|Any CPU
		{63B97532-80C0-4366-96E4-D570327E2B4E}.Debug|Any CPU.Build.0 = Debug|Any CPU
		{63B97532-80C0-4366-96E4-D570327E2B4E}.Release|Any CPU.ActiveCfg = Release|Any CPU
		{63B97532-80C0-4366-96E4-D570327E2B4E}.Release|Any CPU.Build.0 = Release|Any CPU
	EndGlobalSection
	GlobalSection(SolutionProperties) = preSolution
		HideSolutionNode = FALSE
	EndGlobalSection
	GlobalSection(ExtensibilityGlobals) = postSolution
		SolutionGuid = {DC65D7AA-236A-40D7-B544-1756A0AEE7CE}
	EndGlobalSection
EndGlobal
